
Microsoft Visual Studio Solution File, Format Version 12.00
# Visual Studio Version 16
VisualStudioVersion = 16.0.30320.27
MinimumVisualStudioVersion = 10.0.40219.1
Project("{FAE04EC0-301F-11D3-BF4B-00C04F79EFBC}") = "Atomus.Control.Browser.DefaultBrowserDebug(dotNet)", "dotNet\Atomus.Control.Browser.DefaultBrowserDebug(dotNet).csproj", "{11B09977-71F7-4E02-A41B-1C9C921E9E30}"
EndProject
Global
	GlobalSection(SolutionConfigurationPlatforms) = preSolution
		Debug|Any CPU = Debug|Any CPU
		Release|Any CPU = Release|Any CPU
	EndGlobalSection
	GlobalSection(ProjectConfigurationPlatforms) = postSolution
		{11B09977-71F7-4E02-A41B-1C9C921E9E30}.Debug|Any CPU.ActiveCfg = Debug|Any CPU
		{11B09977-71F7-4E02-A41B-1C9C921E9E30}.Debug|Any CPU.Build.0 = Debug|Any CPU
		{11B09977-71F7-4E02-A41B-1C9C921E9E30}.Release|Any CPU.ActiveCfg = Release|Any CPU
		{11B09977-71F7-4E02-A41B-1C9C921E9E30}.Release|Any CPU.Build.0 = Release|Any CPU
	EndGlobalSection
	GlobalSection(SolutionProperties) = preSolution
		HideSolutionNode = FALSE
	EndGlobalSection
	GlobalSection(ExtensibilityGlobals) = postSolution
		SolutionGuid = {FCC5A0D3-2EE3-489F-80E4-0F6126B1BE58}
	EndGlobalSection
EndGlobal
